
Microsoft Visual Studio Solution File, Format Version 12.00
# Visual Studio Version 16
VisualStudioVersion = 16.0.30907.101
MinimumVisualStudioVersion = 10.0.40219.1
Project("{FAE04EC0-301F-11D3-BF4B-00C04F79EFBC}") = "ConsoleApp9Task2_event", "ConsoleApp9Task2_event\ConsoleApp9Task2_event.csproj", "{67FFC74A-CE88-45B9-B56D-86C2AC73FA43}"
EndProject
Global
	GlobalSection(SolutionConfigurationPlatforms) = preSolution
		Debug|Any CPU = Debug|Any CPU
		Release|Any CPU = Release|Any CPU
	EndGlobalSection
	GlobalSection(ProjectConfigurationPlatforms) = postSolution
		{67FFC74A-CE88-45B9-B56D-86C2AC73FA43}.Debug|Any CPU.ActiveCfg = Debug|Any CPU
		{67FFC74A-CE88-45B9-B56D-86C2AC73FA43}.Debug|Any CPU.Build.0 = Debug|Any CPU
		{67FFC74A-CE88-45B9-B56D-86C2AC73FA43}.Release|Any CPU.ActiveCfg = Release|Any CPU
		{67FFC74A-CE88-45B9-B56D-86C2AC73FA43}.Release|Any CPU.Build.0 = Release|Any CPU
	EndGlobalSection
	GlobalSection(SolutionProperties) = preSolution
		HideSolutionNode = FALSE
	EndGlobalSection
	GlobalSection(ExtensibilityGlobals) = postSolution
		SolutionGuid = {4FC0EF95-2A86-4A26-94D6-1A425B2AB44F}
	EndGlobalSection
EndGlobal
